
Microsoft Visual Studio Solution File, Format Version 12.00
# Visual Studio Version 17
VisualStudioVersion = 17.8.34525.116
MinimumVisualStudioVersion = 10.0.40219.1
Project("{FAE04EC0-301F-11D3-BF4B-00C04F79EFBC}") = "lab8", "lab8\lab8.csproj", "{1DF1DF9D-87F8-4B09-98D3-26046C94F87D}"
EndProject
Global
	GlobalSection(SolutionConfigurationPlatforms) = preSolution
		Debug|Any CPU = Debug|Any CPU
		Release|Any CPU = Release|Any CPU
	EndGlobalSection
	GlobalSection(ProjectConfigurationPlatforms) = postSolution
		{1DF1DF9D-87F8-4B09-98D3-26046C94F87D}.Debug|Any CPU.ActiveCfg = Debug|Any CPU
		{1DF1DF9D-87F8-4B09-98D3-26046C94F87D}.Debug|Any CPU.Build.0 = Debug|Any CPU
		{1DF1DF9D-87F8-4B09-98D3-26046C94F87D}.Release|Any CPU.ActiveCfg = Release|Any CPU
		{1DF1DF9D-87F8-4B09-98D3-26046C94F87D}.Release|Any CPU.Build.0 = Release|Any CPU
	EndGlobalSection
	GlobalSection(SolutionProperties) = preSolution
		HideSolutionNode = FALSE
	EndGlobalSection
	GlobalSection(ExtensibilityGlobals) = postSolution
		SolutionGuid = {920F9D81-7CE2-4CE6-B7D0-2F56AA7DAE54}
	EndGlobalSection
EndGlobal
