
Microsoft Visual Studio Solution File, Format Version 12.00
# Visual Studio Version 17
VisualStudioVersion = 17.8.34525.116
MinimumVisualStudioVersion = 10.0.40219.1
Project("{9A19103F-16F7-4668-BE54-9A1E7A4F7556}") = "lab9", "lab9\lab9.csproj", "{70D3DB90-4F90-4BD0-8EB0-9A291FE92765}"
EndProject
Project("{FAE04EC0-301F-11D3-BF4B-00C04F79EFBC}") = "model1", "model1\model1.csproj", "{10BA91C6-15E9-4EC2-AFEA-91A7925CD1B1}"
EndProject
Global
	GlobalSection(SolutionConfigurationPlatforms) = preSolution
		Debug|Any CPU = Debug|Any CPU
		Release|Any CPU = Release|Any CPU
	EndGlobalSection
	GlobalSection(ProjectConfigurationPlatforms) = postSolution
		{70D3DB90-4F90-4BD0-8EB0-9A291FE92765}.Debug|Any CPU.ActiveCfg = Debug|Any CPU
		{70D3DB90-4F90-4BD0-8EB0-9A291FE92765}.Debug|Any CPU.Build.0 = Debug|Any CPU
		{70D3DB90-4F90-4BD0-8EB0-9A291FE92765}.Release|Any CPU.ActiveCfg = Release|Any CPU
		{70D3DB90-4F90-4BD0-8EB0-9A291FE92765}.Release|Any CPU.Build.0 = Release|Any CPU
		{10BA91C6-15E9-4EC2-AFEA-91A7925CD1B1}.Debug|Any CPU.ActiveCfg = Debug|Any CPU
		{10BA91C6-15E9-4EC2-AFEA-91A7925CD1B1}.Debug|Any CPU.Build.0 = Debug|Any CPU
		{10BA91C6-15E9-4EC2-AFEA-91A7925CD1B1}.Release|Any CPU.ActiveCfg = Release|Any CPU
		{10BA91C6-15E9-4EC2-AFEA-91A7925CD1B1}.Release|Any CPU.Build.0 = Release|Any CPU
	EndGlobalSection
	GlobalSection(SolutionProperties) = preSolution
		HideSolutionNode = FALSE
	EndGlobalSection
	GlobalSection(ExtensibilityGlobals) = postSolution
		SolutionGuid = {B2DE491D-2AB7-449D-B89E-BA0D080C8C4B}
	EndGlobalSection
EndGlobal
